// !$*UTF8*$!
{
	archiveVersion = 1;
	classes = {
	};
	objectVersion = 48;
	objects = {

/* Begin PBXBuildFile section */
		5F4FEA5420634142002843E9 /* AppDelegate.swift in Sources */ = {isa = PBXBuildFile; fileRef = 5F4FEA5320634142002843E9 /* AppDelegate.swift */; };
		5F4FEA5620634142002843E9 /* ViewController.swift in Sources */ = {isa = PBXBuildFile; fileRef = 5F4FEA5520634142002843E9 /* ViewController.swift */; };
		5F4FEA5920634142002843E9 /* Main.storyboard in Resources */ = {isa = PBXBuildFile; fileRef = 5F4FEA5720634142002843E9 /* Main.storyboard */; };
		5F4FEA5B20634142002843E9 /* Assets.xcassets in Resources */ = {isa = PBXBuildFile; fileRef = 5F4FEA5A20634142002843E9 /* Assets.xcassets */; };
		5F4FEA5E20634142002843E9 /* LaunchScreen.storyboard in Resources */ = {isa = PBXBuildFile; fileRef = 5F4FEA5C20634142002843E9 /* LaunchScreen.storyboard */; };
		5F4FEA6E20634190002843E9 /* 04.jpg in Resources */ = {isa = PBXBuildFile; fileRef = 5F4FEA6820634190002843E9 /* 04.jpg */; };
		5F4FEA6F20634190002843E9 /* 03.jpg in Resources */ = {isa = PBXBuildFile; fileRef = 5F4FEA6920634190002843E9 /* 03.jpg */; };
		5F4FEA7020634190002843E9 /* 05.jpg in Resources */ = {isa = PBXBuildFile; fileRef = 5F4FEA6A20634190002843E9 /* 05.jpg */; };
		5F4FEA7120634190002843E9 /* 06.jpg in Resources */ = {isa = PBXBuildFile; fileRef = 5F4FEA6B20634190002843E9 /* 06.jpg */; };
		5F4FEA7220634190002843E9 /* 02.jpg in Resources */ = {isa = PBXBuildFile; fileRef = 5F4FEA6C20634190002843E9 /* 02.jpg */; };
		5F4FEA7320634190002843E9 /* 01.JPG in Resources */ = {isa = PBXBuildFile; fileRef = 5F4FEA6D20634190002843E9 /* 01.JPG */; };
/* End PBXBuildFile section */

/* Begin PBXFileReference section */
		5F4FEA5020634142002843E9 /* SelectCar.app */ = {isa = PBXFileReference; explicitFileType = wrapper.application; includeInIndex = 0; path = SelectCar.app; sourceTree = BUILT_PRODUCTS_DIR; };
		5F4FEA5320634142002843E9 /* AppDelegate.swift */ = {isa = PBXFileReference; lastKnownFileType = sourcecode.swift; path = AppDelegate.swift; sourceTree = "<group>"; };
		5F4FEA5520634142002843E9 /* ViewController.swift */ = {isa = PBXFileReference; lastKnownFileType = sourcecode.swift; path = ViewController.swift; sourceTree = "<group>"; };
		5F4FEA5820634142002843E9 /* Base */ = {isa = PBXFileReference; lastKnownFileType = file.storyboard; name = Base; path = Base.lproj/Main.storyboard; sourceTree = "<group>"; };
		5F4FEA5A20634142002843E9 /* Assets.xcassets */ = {isa = PBXFileReference; lastKnownFileType = folder.assetcatalog; path = Assets.xcassets; sourceTree = "<group>"; };
		5F4FEA5D20634142002843E9 /* Base */ = {isa = PBXFileReference; lastKnownFileType = file.storyboard; name = Base; path = Base.lproj/LaunchScreen.storyboard; sourceTree = "<group>"; };
		5F4FEA5F20634142002843E9 /* Info.plist */ = {isa = PBXFileReference; lastKnownFileType = text.plist.xml; path = Info.plist; sourceTree = "<group>"; };
		5F4FEA6820634190002843E9 /* 04.jpg */ = {isa = PBXFileReference; lastKnownFileType = image.jpeg; name = 04.jpg; path = ../../../../../Downloads/04.jpg; sourceTree = "<group>"; };
		5F4FEA6920634190002843E9 /* 03.jpg */ = {isa = PBXFileReference; lastKnownFileType = image.jpeg; name = 03.jpg; path = ../../../../../Downloads/03.jpg; sourceTree = "<group>"; };
		5F4FEA6A20634190002843E9 /* 05.jpg */ = {isa = PBXFileReference; lastKnownFileType = image.jpeg; name = 05.jpg; path = ../../../../../Downloads/05.jpg; sourceTree = "<group>"; };
		5F4FEA6B20634190002843E9 /* 06.jpg */ = {isa = PBXFileReference; lastKnownFileType = image.jpeg; name = 06.jpg; path = ../../../../../Downloads/06.jpg; sourceTree = "<group>"; };
		5F4FEA6C20634190002843E9 /* 02.jpg */ = {isa = PBXFileReference; lastKnownFileType = image.jpeg; name = 02.jpg; path = ../../../../../Downloads/02.jpg; sourceTree = "<group>"; };
		5F4FEA6D20634190002843E9 /* 01.JPG */ = {isa = PBXFileReference; lastKnownFileType = image.jpeg; name = 01.JPG; path = ../../../../../Downloads/01.JPG; sourceTree = "<group>"; };
/* End PBXFileReference section */

/* Begin PBXFrameworksBuildPhase section */
		5F4FEA4D20634142002843E9 /* Frameworks */ = {
			isa = PBXFrameworksBuildPhase;
			buildActionMask = 2147483647;
			files = (
			);
			runOnlyForDeploymentPostprocessing = 0;
		};
/* End PBXFrameworksBuildPhase section */

/* Begin PBXGroup section */
		5F4FEA4720634142002843E9 = {
			isa = PBXGroup;
			children = (
				5F4FEA5220634142002843E9 /* SelectCar */,
				5F4FEA5120634142002843E9 /* Products */,
			);
			sourceTree = "<group>";
		};
		5F4FEA5120634142002843E9 /* Products */ = {
			isa = PBXGroup;
			children = (
				5F4FEA5020634142002843E9 /* SelectCar.app */,
			);
			name = Products;
			sourceTree = "<group>";
		};
		5F4FEA5220634142002843E9 /* SelectCar */ = {
			isa = PBXGroup;
			children = (
				5F4FEA652063414E002843E9 /* Resources */,
				5F4FEA5320634142002843E9 /* AppDelegate.swift */,
				5F4FEA5520634142002843E9 /* ViewController.swift */,
				5F4FEA5720634142002843E9 /* Main.storyboard */,
				5F4FEA5A20634142002843E9 /* Assets.xcassets */,
				5F4FEA5C20634142002843E9 /* LaunchScreen.storyboard */,
				5F4FEA5F20634142002843E9 /* Info.plist */,
			);
			path = SelectCar;
			sourceTree = "<group>";
		};
		5F4FEA652063414E002843E9 /* Resources */ = {
			isa = PBXGroup;
			children = (
				5F4FEA6D20634190002843E9 /* 01.JPG */,
				5F4FEA6C20634190002843E9 /* 02.jpg */,
				5F4FEA6920634190002843E9 /* 03.jpg */,
				5F4FEA6820634190002843E9 /* 04.jpg */,
				5F4FEA6A20634190002843E9 /* 05.jpg */,
				5F4FEA6B20634190002843E9 /* 06.jpg */,
			);
			path = Resources;
			sourceTree = "<group>";
		};
/* End PBXGroup section */

/* Begin PBXNativeTarget section */
		5F4FEA4F20634142002843E9 /* SelectCar */ = {
			isa = PBXNativeTarget;
			buildConfigurationList = 5F4FEA6220634142002843E9 /* Build configuration list for PBXNativeTarget "SelectCar" */;
			buildPhases = (
				5F4FEA4C20634142002843E9 /* Sources */,
				5F4FEA4D20634142002843E9 /* Frameworks */,
				5F4FEA4E20634142002843E9 /* Resources */,
			);
			buildRules = (
			);
			dependencies = (
			);
			name = SelectCar;
			productName = SelectCar;
			productReference = 5F4FEA5020634142002843E9 /* SelectCar.app */;
			productType = "com.apple.product-type.application";
		};
/* End PBXNativeTarget section */

/* Begin PBXProject section */
		5F4FEA4820634142002843E9 /* Project object */ = {
			isa = PBXProject;
			attributes = {
				LastSwiftUpdateCheck = 0920;
				LastUpgradeCheck = 0920;
				ORGANIZATIONNAME = kjh;
				TargetAttributes = {
					5F4FEA4F20634142002843E9 = {
						CreatedOnToolsVersion = 9.2;
						ProvisioningStyle = Automatic;
					};
				};
			};
			buildConfigurationList = 5F4FEA4B20634142002843E9 /* Build configuration list for PBXProject "SelectCar" */;
			compatibilityVersion = "Xcode 8.0";
			developmentRegion = en;
			hasScannedForEncodings = 0;
			knownRegions = (
				en,
				Base,
			);
			mainGroup = 5F4FEA4720634142002843E9;
			productRefGroup = 5F4FEA5120634142002843E9 /* Products */;
			projectDirPath = "";
			projectRoot = "";
			targets = (
				5F4FEA4F20634142002843E9 /* SelectCar */,
			);
		};
/* End PBXProject section */

/* Begin PBXResourcesBuildPhase section */
		5F4FEA4E20634142002843E9 /* Resources */ = {
			isa = PBXResourcesBuildPhase;
			buildActionMask = 2147483647;
			files = (
				5F4FEA6F20634190002843E9 /* 03.jpg in Resources */,
				5F4FEA5E20634142002843E9 /* LaunchScreen.storyboard in Resources */,
				5F4FEA6E20634190002843E9 /* 04.jpg in Resources */,
				5F4FEA5B20634142002843E9 /* Assets.xcassets in Resources */,
				5F4FEA7320634190002843E9 /* 01.JPG in Resources */,
				5F4FEA7020634190002843E9 /* 05.jpg in Resources */,
				5F4FEA7120634190002843E9 /* 06.jpg in Resources */,
				5F4FEA5920634142002843E9 /* Main.storyboard in Resources */,
				5F4FEA7220634190002843E9 /* 02.jpg in Resources */,
			);
			runOnlyForDeploymentPostprocessing = 0;
		};
/* End PBXResourcesBuildPhase section */

/* Begin PBXSourcesBuildPhase section */
		5F4FEA4C20634142002843E9 /* Sources */ = {
			isa = PBXSourcesBuildPhase;
			buildActionMask = 2147483647;
			files = (
				5F4FEA5620634142002843E9 /* ViewController.swift in Sources */,
				5F4FEA5420634142002843E9 /* AppDelegate.swift in Sources */,
			);
			runOnlyForDeploymentPostprocessing = 0;
		};
/* End PBXSourcesBuildPhase section */

/* Begin PBXVariantGroup section */
		5F4FEA5720634142002843E9 /* Main.storyboard */ = {
			isa = PBXVariantGroup;
			children = (
				5F4FEA5820634142002843E9 /* Base */,
			);
			name = Main.storyboard;
			sourceTree = "<group>";
		};
		5F4FEA5C20634142002843E9 /* LaunchScreen.storyboard */ = {
			isa = PBXVariantGroup;
			children = (
				5F4FEA5D20634142002843E9 /* Base */,
			);
			name = LaunchScreen.storyboard;
			sourceTree = "<group>";
		};
/* End PBXVariantGroup section */

/* Begin XCBuildConfiguration section */
		5F4FEA6020634142002843E9 /* Debug */ = {
			isa = XCBuildConfiguration;
			buildSettings = {
				ALWAYS_SEARCH_USER_PATHS = NO;
				CLANG_ANALYZER_NONNULL = YES;
				CLANG_ANALYZER_NUMBER_OBJECT_CONVERSION = YES_AGGRESSIVE;
				CLANG_CXX_LANGUAGE_STANDARD = "gnu++14";
				CLANG_CXX_LIBRARY = "libc++";
				CLANG_ENABLE_MODULES = YES;
				CLANG_ENABLE_OBJC_ARC = YES;
				CLANG_WARN_BLOCK_CAPTURE_AUTORELEASING = YES;
				CLANG_WARN_BOOL_CONVERSION = YES;
				CLANG_WARN_COMMA = YES;
				CLANG_WARN_CONSTANT_CONVERSION = YES;
				CLANG_WARN_DIRECT_OBJC_ISA_USAGE = YES_ERROR;
				CLANG_WARN_DOCUMENTATION_COMMENTS = YES;
				CLANG_WARN_EMPTY_BODY = YES;
				CLANG_WARN_ENUM_CONVERSION = YES;
				CLANG_WARN_INFINITE_RECURSION = YES;
				CLANG_WARN_INT_CONVERSION = YES;
				CLANG_WARN_NON_LITERAL_NULL_CONVERSION = YES;
				CLANG_WARN_OBJC_LITERAL_CONVERSION = YES;
				CLANG_WARN_OBJC_ROOT_CLASS = YES_ERROR;
				CLANG_WARN_RANGE_LOOP_ANALYSIS = YES;
				CLANG_WARN_STRICT_PROTOTYPES = YES;
				CLANG_WARN_SUSPICIOUS_MOVE = YES;
				CLANG_WARN_UNGUARDED_AVAILABILITY = YES_AGGRESSIVE;
				CLANG_WARN_UNREACHABLE_CODE = YES;
				CLANG_WARN__DUPLICATE_METHOD_MATCH = YES;
				CODE_SIGN_IDENTITY = "iPhone Developer";
				COPY_PHASE_STRIP = NO;
				DEBUG_INFORMATION_FORMAT = dwarf;
				ENABLE_STRICT_OBJC_MSGSEND = YES;
				ENABLE_TESTABILITY = YES;
				GCC_C_LANGUAGE_STANDARD = gnu11;
				GCC_DYNAMIC_NO_PIC = NO;
				GCC_NO_COMMON_BLOCKS = YES;
				GCC_OPTIMIZATION_LEVEL = 0;
				GCC_PREPROCESSOR_DEFINITIONS = (
					"DEBUG=1",
					"$(inherited)",
				);
				GCC_WARN_64_TO_32_BIT_CONVERSION = YES;
				GCC_WARN_ABOUT_RETURN_TYPE = YES_ERROR;
				GCC_WARN_UNDECLARED_SELECTOR = YES;
				GCC_WARN_UNINITIALIZED_AUTOS = YES_AGGRESSIVE;
				GCC_WARN_UNUSED_FUNCTION = YES;
				GCC_WARN_UNUSED_VARIABLE = YES;
				IPHONEOS_DEPLOYMENT_TARGET = 11.2;
				MTL_ENABLE_DEBUG_INFO = YES;
				ONLY_ACTIVE_ARCH = YES;
				SDKROOT = iphoneos;
				SWIFT_ACTIVE_COMPILATION_CONDITIONS = DEBUG;
				SWIFT_OPTIMIZATION_LEVEL = "-Onone";
			};
			name = Debug;
		};
		5F4FEA6120634142002843E9 /* Release */ = {
			isa = XCBuildConfiguration;
			buildSettings = {
				ALWAYS_SEARCH_USER_PATHS = NO;
				CLANG_ANALYZER_NONNULL = YES;
				CLANG_ANALYZER_NUMBER_OBJECT_CONVERSION = YES_AGGRESSIVE;
				CLANG_CXX_LANGUAGE_STANDARD = "gnu++14";
				CLANG_CXX_LIBRARY = "libc++";
				CLANG_ENABLE_MODULES = YES;
				CLANG_ENABLE_OBJC_ARC = YES;
				CLANG_WARN_BLOCK_CAPTURE_AUTORELEASING = YES;
				CLANG_WARN_BOOL_CONVERSION = YES;
				CLANG_WARN_COMMA = YES;
				CLANG_WARN_CONSTANT_CONVERSION = YES;
				CLANG_WARN_DIRECT_OBJC_ISA_USAGE = YES_ERROR;
				CLANG_WARN_DOCUMENTATION_COMMENTS = YES;
				CLANG_WARN_EMPTY_BODY = YES;
				CLANG_WARN_ENUM_CONVERSION = YES;
				CLANG_WARN_INFINITE_RECURSION = YES;
				CLANG_WARN_INT_CONVERSION = YES;
				CLANG_WARN_NON_LITERAL_NULL_CONVERSION = YES;
				CLANG_WARN_OBJC_LITERAL_CONVERSION = YES;
				CLANG_WARN_OBJC_ROOT_CLASS = YES_ERROR;
				CLANG_WARN_RANGE_LOOP_ANALYSIS = YES;
				CLANG_WARN_STRICT_PROTOTYPES = YES;
				CLANG_WARN_SUSPICIOUS_MOVE = YES;
				CLANG_WARN_UNGUARDED_AVAILABILITY = YES_AGGRESSIVE;
				CLANG_WARN_UNREACHABLE_CODE = YES;
				CLANG_WARN__DUPLICATE_METHOD_MATCH = YES;
				CODE_SIGN_IDENTITY = "iPhone Developer";
				COPY_PHASE_STRIP = NO;
				DEBUG_INFORMATION_FORMAT = "dwarf-with-dsym";
				ENABLE_NS_ASSERTIONS = NO;
				ENABLE_STRICT_OBJC_MSGSEND = YES;
				GCC_C_LANGUAGE_STANDARD = gnu11;
				GCC_NO_COMMON_BLOCKS = YES;
				GCC_WARN_64_TO_32_BIT_CONVERSION = YES;
				GCC_WARN_ABOUT_RETURN_TYPE = YES_ERROR;
				GCC_WARN_UNDECLARED_SELECTOR = YES;
				GCC_WARN_UNINITIALIZED_AUTOS = YES_AGGRESSIVE;
				GCC_WARN_UNUSED_FUNCTION = YES;
				GCC_WARN_UNUSED_VARIABLE = YES;
				IPHONEOS_DEPLOYMENT_TARGET = 11.2;
				MTL_ENABLE_DEBUG_INFO = NO;
				SDKROOT = iphoneos;
				SWIFT_OPTIMIZATION_LEVEL = "-Owholemodule";
				VALIDATE_PRODUCT = YES;
			};
			name = Release;
		};
		5F4FEA6320634142002843E9 /* Debug */ = {
			isa = XCBuildConfiguration;
			buildSettings = {
				ASSETCATALOG_COMPILER_APPICON_NAME = AppIcon;
				CODE_SIGN_STYLE = Automatic;
				INFOPLIST_FILE = SelectCar/Info.plist;
				LD_RUNPATH_SEARCH_PATHS = "$(inherited) @executable_path/Frameworks";
				PRODUCT_BUNDLE_IDENTIFIER = com.hojak.SelectCar;
				PRODUCT_NAME = "$(TARGET_NAME)";
				SWIFT_VERSION = 4.0;
				TARGETED_DEVICE_FAMILY = "1,2";
			};
			name = Debug;
		};
		5F4FEA6420634142002843E9 /* Release */ = {
			isa = XCBuildConfiguration;
			buildSettings = {
				ASSETCATALOG_COMPILER_APPICON_NAME = AppIcon;
				CODE_SIGN_STYLE = Automatic;
				INFOPLIST_FILE = SelectCar/Info.plist;
				LD_RUNPATH_SEARCH_PATHS = "$(inherited) @executable_path/Frameworks";
				PRODUCT_BUNDLE_IDENTIFIER = com.hojak.SelectCar;
				PRODUCT_NAME = "$(TARGET_NAME)";
				SWIFT_VERSION = 4.0;
				TARGETED_DEVICE_FAMILY = "1,2";
			};
			name = Release;
		};
/* End XCBuildConfiguration section */

/* Begin XCConfigurationList section */
		5F4FEA4B20634142002843E9 /* Build configuration list for PBXProject "SelectCar" */ = {
			isa = XCConfigurationList;
			buildConfigurations = (
				5F4FEA6020634142002843E9 /* Debug */,
				5F4FEA6120634142002843E9 /* Release */,
			);
			defaultConfigurationIsVisible = 0;
			defaultConfigurationName = Release;
		};
		5F4FEA6220634142002843E9 /* Build configuration list for PBXNativeTarget "SelectCar" */ = {
			isa = XCConfigurationList;
			buildConfigurations = (
				5F4FEA6320634142002843E9 /* Debug */,
				5F4FEA6420634142002843E9 /* Release */,
			);
			defaultConfigurationIsVisible = 0;
			defaultConfigurationName = Release;
		};
/* End XCConfigurationList section */
	};
	rootObject = 5F4FEA4820634142002843E9 /* Project object */;
}
